
Microsoft Visual Studio Solution File, Format Version 12.00
# Visual Studio Version 16
VisualStudioVersion = 16.0.31410.357
MinimumVisualStudioVersion = 10.0.40219.1
Project("{FAE04EC0-301F-11D3-BF4B-00C04F79EFBC}") = "Tarea 1", "Tarea 1.csproj", "{FCCB14A7-71DA-4C2D-AD9A-1E37CCBA0D8B}"
EndProject
Global
	GlobalSection(SolutionConfigurationPlatforms) = preSolution
		Debug|Any CPU = Debug|Any CPU
		Release|Any CPU = Release|Any CPU
	EndGlobalSection
	GlobalSection(ProjectConfigurationPlatforms) = postSolution
		{FCCB14A7-71DA-4C2D-AD9A-1E37CCBA0D8B}.Debug|Any CPU.ActiveCfg = Debug|Any CPU
		{FCCB14A7-71DA-4C2D-AD9A-1E37CCBA0D8B}.Debug|Any CPU.Build.0 = Debug|Any CPU
		{FCCB14A7-71DA-4C2D-AD9A-1E37CCBA0D8B}.Release|Any CPU.ActiveCfg = Release|Any CPU
		{FCCB14A7-71DA-4C2D-AD9A-1E37CCBA0D8B}.Release|Any CPU.Build.0 = Release|Any CPU
	EndGlobalSection
	GlobalSection(SolutionProperties) = preSolution
		HideSolutionNode = FALSE
	EndGlobalSection
	GlobalSection(ExtensibilityGlobals) = postSolution
		SolutionGuid = {A3F818AF-0867-4D9D-A4C4-F36FD3499C8F}
	EndGlobalSection
EndGlobal
